
Microsoft Visual Studio Solution File, Format Version 12.00
# Visual Studio 15
VisualStudioVersion = 15.0.27004.2006
MinimumVisualStudioVersion = 10.0.40219.1
Project("{2150E333-8FDC-42A3-9474-1A3956D46DE8}") = "src", "src", "{46DC1F22-3163-48DF-B8D4-DB2613BF75B0}"
EndProject
Project("{2150E333-8FDC-42A3-9474-1A3956D46DE8}") = "Solution Items", "Solution Items", "{E5B46BFC-B337-4016-9389-7F177173425C}"
	ProjectSection(SolutionItems) = preProject
		README.md = README.md
	EndProjectSection
EndProject
Project("{9A19103F-16F7-4668-BE54-9A1E7A4F7556}") = "Wilcommerce.Catalog.Data.EFCore", "src\Wilcommerce.Catalog.Data.EFCore\Wilcommerce.Catalog.Data.EFCore.csproj", "{5AACAFA5-99A3-4E56-86ED-81615ABAE205}"
EndProject
Global
	GlobalSection(SolutionConfigurationPlatforms) = preSolution
		Debug|Any CPU = Debug|Any CPU
		Release|Any CPU = Release|Any CPU
	EndGlobalSection
	GlobalSection(ProjectConfigurationPlatforms) = postSolution
		{5AACAFA5-99A3-4E56-86ED-81615ABAE205}.Debug|Any CPU.ActiveCfg = Debug|Any CPU
		{5AACAFA5-99A3-4E56-86ED-81615ABAE205}.Debug|Any CPU.Build.0 = Debug|Any CPU
		{5AACAFA5-99A3-4E56-86ED-81615ABAE205}.Release|Any CPU.ActiveCfg = Release|Any CPU
		{5AACAFA5-99A3-4E56-86ED-81615ABAE205}.Release|Any CPU.Build.0 = Release|Any CPU
	EndGlobalSection
	GlobalSection(SolutionProperties) = preSolution
		HideSolutionNode = FALSE
	EndGlobalSection
	GlobalSection(NestedProjects) = preSolution
		{5AACAFA5-99A3-4E56-86ED-81615ABAE205} = {46DC1F22-3163-48DF-B8D4-DB2613BF75B0}
	EndGlobalSection
	GlobalSection(ExtensibilityGlobals) = postSolution
		SolutionGuid = {FC5A8BD5-CB6E-44CF-B676-39D2CFECE71C}
	EndGlobalSection
EndGlobal
